PODS:
  - iOSSnapshotTestCase (6.1.0):
    - iOSSnapshotTestCase/SwiftSupport (= 6.1.0)
  - iOSSnapshotTestCase/Core (6.1.0)
  - iOSSnapshotTestCase/SwiftSupport (6.1.0):
    - iOSSnapshotTestCase/Core

DEPENDENCIES:
  - iOSSnapshotTestCase (= 6.1.0)

SPEC REPOS:
  trunk:
    - iOSSnapshotTestCase

SPEC CHECKSUMS:
  iOSSnapshotTestCase: 30d540b0c8feb9d7f8ff97acc25a3804b48ee264

PODFILE CHECKSUM: a61df5f85843d6560c049f2e9ad725f5e138c3bc

COCOAPODS: 1.10.1
